PODS:
  - Alamofire (4.8.2)
  - Alamofire-Synchronous (4.0.0):
    - Alamofire (~> 4.0)
  - RxSwift (4.5.0)

DEPENDENCIES:
  - Alamofire-Synchronous (~> 4.0)
  - RxSwift (~> 4.0)

SPEC REPOS:
  https://github.com/cocoapods/specs.git:
    - Alamofire
    - Alamofire-Synchronous
    - RxSwift

SPEC CHECKSUMS:
  Alamofire: ae5c501addb7afdbb13687d7f2f722c78734c2d3
  Alamofire-Synchronous: eedf1e6e961c3795a63c74990b3f7d9fbfac7e50
  RxSwift: f172070dfd1a93d70a9ab97a5a01166206e1c575

PODFILE CHECKSUM: be10ed54795d68b9846b50423b9e4dfb63b77a3e

COCOAPODS: 1.5.3
